
Microsoft Visual Studio Solution File, Format Version 12.00
# Visual Studio Version 17
VisualStudioVersion = 17.0.31903.59
MinimumVisualStudioVersion = 10.0.40219.1
Project("{2150E333-8FDC-42A3-9474-1A3956D46DE8}") = "Result", "Result", "{A5E3BC48-B5E1-464A-A93D-9ADF3C61A3AF}"
EndProject
Project("{FAE04EC0-301F-11D3-BF4B-00C04F79EFBC}") = "ResultService.Domain", "src\Services\ResultService\ResultService.Domain\ResultService.Domain.csproj", "{006F1A79-ACBD-4BC9-9EFC-451B96E73FB4}"
EndProject
Project("{FAE04EC0-301F-11D3-BF4B-00C04F79EFBC}") = "ResultService.Application", "src\Services\ResultService\ResultService.Application\ResultService.Application.csproj", "{BDD07815-3C15-4DBB-8ACA-063E2F9A5B00}"
EndProject
Project("{FAE04EC0-301F-11D3-BF4B-00C04F79EFBC}") = "ResultService.Infrastructure", "src\Services\ResultService\ResultService.Infrastructure\ResultService.Infrastructure.csproj", "{7FD97A5E-E8B9-4C8E-B3A6-346650D9A02E}"
EndProject
Project("{FAE04EC0-301F-11D3-BF4B-00C04F79EFBC}") = "ResultService.API", "src\Services\ResultService\ResultService.API\ResultService.API.csproj", "{E3BDB14E-4F27-4D82-978A-BEEF4F5B9DF7}"
EndProject
Project("{2150E333-8FDC-42A3-9474-1A3956D46DE8}") = "Notification", "Notification", "{6B055F2E-2D74-481E-9DEE-6AE16DF3F67F}"
EndProject
Project("{FAE04EC0-301F-11D3-BF4B-00C04F79EFBC}") = "NotificationService.Domain", "src\Services\NotificationService\NotificationService.Domain\NotificationService.Domain.csproj", "{A2E9FEB7-FE2D-49B4-848C-6E37EEF01743}"
EndProject
Project("{FAE04EC0-301F-11D3-BF4B-00C04F79EFBC}") = "NotificationService.Application", "src\Services\NotificationService\NotificationService.Application\NotificationService.Application.csproj", "{7C916A9D-4E9D-4582-870E-5A9231DBBD39}"
EndProject
Project("{FAE04EC0-301F-11D3-BF4B-00C04F79EFBC}") = "NotificationService.Infrastructure", "src\Services\NotificationService\NotificationService.Infrastructure\NotificationService.Infrastructure.csproj", "{7C36525B-3CFB-4B0B-B42A-6BC02B48CA1D}"
EndProject
Project("{FAE04EC0-301F-11D3-BF4B-00C04F79EFBC}") = "NotificationService.API", "src\Services\NotificationService\NotificationService.API\NotificationService.API.csproj", "{3D9CE1E4-CF28-448C-89A2-9A927CF977E2}"
EndProject
Project("{2150E333-8FDC-42A3-9474-1A3956D46DE8}") = "src", "src", "{4B3EF644-D71C-4B57-AA2D-6EC4B9FDD3F0}"
EndProject
Project("{FAE04EC0-301F-11D3-BF4B-00C04F79EFBC}") = "Gateway", "src\Gateway\Gateway.csproj", "{9800B677-FDBC-40D4-A71E-7F85DB828609}"
EndProject
Project("{FAE04EC0-301F-11D3-BF4B-00C04F79EFBC}") = "Quiztin.Api", "src\Quiztin.Api\Quiztin.Api.csproj", "{D86A07BC-D659-46CB-ACC0-797ADA3EDBAE}"
EndProject
Project("{FAE04EC0-301F-11D3-BF4B-00C04F79EFBC}") = "Quiztin.Modules.Assessment", "src\Quiztin.Modules.Assessment\Quiztin.Modules.Assessment.csproj", "{2A5BA0A1-9B37-41EC-9512-7657226BC176}"
EndProject
Project("{2150E333-8FDC-42A3-9474-1A3956D46DE8}") = "tests", "tests", "{0AB3BF05-4346-4AA6-1389-037BE0695223}"
EndProject
Project("{FAE04EC0-301F-11D3-BF4B-00C04F79EFBC}") = "Quiztin.Modules.Assessment.Tests", "tests\Quiztin.Modules.Assessment.Tests\Quiztin.Modules.Assessment.Tests.csproj", "{99F4CD5D-EEBA-4BA0-8A7C-6C2F0D68817F}"
EndProject
Project("{FAE04EC0-301F-11D3-BF4B-00C04F79EFBC}") = "Quiztin.Modules.Identity", "src\Quiztin.Modules.Identity\Quiztin.Modules.Identity.csproj", "{5717D3DC-3744-4D1C-A288-ACF4C902CA8B}"
EndProject
Project("{FAE04EC0-301F-11D3-BF4B-00C04F79EFBC}") = "Quiztin.Modules.Identity.Tests", "tests\Quiztin.Modules.Identity.Tests\Quiztin.Modules.Identity.Tests.csproj", "{0657E022-94D9-42F6-B55B-1CF74E16AA4A}"
EndProject
Global
	GlobalSection(SolutionConfigurationPlatforms) = preSolution
		Debug|Any CPU = Debug|Any CPU
		Debug|x64 = Debug|x64
		Debug|x86 = Debug|x86
		Release|Any CPU = Release|Any CPU
		Release|x64 = Release|x64
		Release|x86 = Release|x86
	EndGlobalSection
	GlobalSection(ProjectConfigurationPlatforms) = postSolution
		{006F1A79-ACBD-4BC9-9EFC-451B96E73FB4}.Debug|Any CPU.ActiveCfg = Debug|Any CPU
		{006F1A79-ACBD-4BC9-9EFC-451B96E73FB4}.Debug|Any CPU.Build.0 = Debug|Any CPU
		{006F1A79-ACBD-4BC9-9EFC-451B96E73FB4}.Debug|x64.ActiveCfg = Debug|Any CPU
		{006F1A79-ACBD-4BC9-9EFC-451B96E73FB4}.Debug|x64.Build.0 = Debug|Any CPU
		{006F1A79-ACBD-4BC9-9EFC-451B96E73FB4}.Debug|x86.ActiveCfg = Debug|Any CPU
		{006F1A79-ACBD-4BC9-9EFC-451B96E73FB4}.Debug|x86.Build.0 = Debug|Any CPU
		{006F1A79-ACBD-4BC9-9EFC-451B96E73FB4}.Release|Any CPU.ActiveCfg = Release|Any CPU
		{006F1A79-ACBD-4BC9-9EFC-451B96E73FB4}.Release|Any CPU.Build.0 = Release|Any CPU
		{006F1A79-ACBD-4BC9-9EFC-451B96E73FB4}.Release|x64.ActiveCfg = Release|Any CPU
		{006F1A79-ACBD-4BC9-9EFC-451B96E73FB4}.Release|x64.Build.0 = Release|Any CPU
		{006F1A79-ACBD-4BC9-9EFC-451B96E73FB4}.Release|x86.ActiveCfg = Release|Any CPU
		{006F1A79-ACBD-4BC9-9EFC-451B96E73FB4}.Release|x86.Build.0 = Release|Any CPU
		{BDD07815-3C15-4DBB-8ACA-063E2F9A5B00}.Debug|Any CPU.ActiveCfg = Debug|Any CPU
		{BDD07815-3C15-4DBB-8ACA-063E2F9A5B00}.Debug|Any CPU.Build.0 = Debug|Any CPU
		{BDD07815-3C15-4DBB-8ACA-063E2F9A5B00}.Debug|x64.ActiveCfg = Debug|Any CPU
		{BDD07815-3C15-4DBB-8ACA-063E2F9A5B00}.Debug|x64.Build.0 = Debug|Any CPU
		{BDD07815-3C15-4DBB-8ACA-063E2F9A5B00}.Debug|x86.ActiveCfg = Debug|Any CPU
		{BDD07815-3C15-4DBB-8ACA-063E2F9A5B00}.Debug|x86.Build.0 = Debug|Any CPU
		{BDD07815-3C15-4DBB-8ACA-063E2F9A5B00}.Release|Any CPU.ActiveCfg = Release|Any CPU
		{BDD07815-3C15-4DBB-8ACA-063E2F9A5B00}.Release|Any CPU.Build.0 = Release|Any CPU
		{BDD07815-3C15-4DBB-8ACA-063E2F9A5B00}.Release|x64.ActiveCfg = Release|Any CPU
		{BDD07815-3C15-4DBB-8ACA-063E2F9A5B00}.Release|x64.Build.0 = Release|Any CPU
		{BDD07815-3C15-4DBB-8ACA-063E2F9A5B00}.Release|x86.ActiveCfg = Release|Any CPU
		{BDD07815-3C15-4DBB-8ACA-063E2F9A5B00}.Release|x86.Build.0 = Release|Any CPU
		{7FD97A5E-E8B9-4C8E-B3A6-346650D9A02E}.Debug|Any CPU.ActiveCfg = Debug|Any CPU
		{7FD97A5E-E8B9-4C8E-B3A6-346650D9A02E}.Debug|Any CPU.Build.0 = Debug|Any CPU
		{7FD97A5E-E8B9-4C8E-B3A6-346650D9A02E}.Debug|x64.ActiveCfg = Debug|Any CPU
		{7FD97A5E-E8B9-4C8E-B3A6-346650D9A02E}.Debug|x64.Build.0 = Debug|Any CPU
		{7FD97A5E-E8B9-4C8E-B3A6-346650D9A02E}.Debug|x86.ActiveCfg = Debug|Any CPU
		{7FD97A5E-E8B9-4C8E-B3A6-346650D9A02E}.Debug|x86.Build.0 = Debug|Any CPU
		{7FD97A5E-E8B9-4C8E-B3A6-346650D9A02E}.Release|Any CPU.ActiveCfg = Release|Any CPU
		{7FD97A5E-E8B9-4C8E-B3A6-346650D9A02E}.Release|Any CPU.Build.0 = Release|Any CPU
		{7FD97A5E-E8B9-4C8E-B3A6-346650D9A02E}.Release|x64.ActiveCfg = Release|Any CPU
		{7FD97A5E-E8B9-4C8E-B3A6-346650D9A02E}.Release|x64.Build.0 = Release|Any CPU
		{7FD97A5E-E8B9-4C8E-B3A6-346650D9A02E}.Release|x86.ActiveCfg = Release|Any CPU
		{7FD97A5E-E8B9-4C8E-B3A6-346650D9A02E}.Release|x86.Build.0 = Release|Any CPU
		{E3BDB14E-4F27-4D82-978A-BEEF4F5B9DF7}.Debug|Any CPU.ActiveCfg = Debug|Any CPU
		{E3BDB14E-4F27-4D82-978A-BEEF4F5B9DF7}.Debug|Any CPU.Build.0 = Debug|Any CPU
		{E3BDB14E-4F27-4D82-978A-BEEF4F5B9DF7}.Debug|x64.ActiveCfg = Debug|Any CPU
		{E3BDB14E-4F27-4D82-978A-BEEF4F5B9DF7}.Debug|x64.Build.0 = Debug|Any CPU
		{E3BDB14E-4F27-4D82-978A-BEEF4F5B9DF7}.Debug|x86.ActiveCfg = Debug|Any CPU
		{E3BDB14E-4F27-4D82-978A-BEEF4F5B9DF7}.Debug|x86.Build.0 = Debug|Any CPU
		{E3BDB14E-4F27-4D82-978A-BEEF4F5B9DF7}.Release|Any CPU.ActiveCfg = Release|Any CPU
		{E3BDB14E-4F27-4D82-978A-BEEF4F5B9DF7}.Release|Any CPU.Build.0 = Release|Any CPU
		{E3BDB14E-4F27-4D82-978A-BEEF4F5B9DF7}.Release|x64.ActiveCfg = Release|Any CPU
		{E3BDB14E-4F27-4D82-978A-BEEF4F5B9DF7}.Release|x64.Build.0 = Release|Any CPU
		{E3BDB14E-4F27-4D82-978A-BEEF4F5B9DF7}.Release|x86.ActiveCfg = Release|Any CPU
		{E3BDB14E-4F27-4D82-978A-BEEF4F5B9DF7}.Release|x86.Build.0 = Release|Any CPU
		{A2E9FEB7-FE2D-49B4-848C-6E37EEF01743}.Debug|Any CPU.ActiveCfg = Debug|Any CPU
		{A2E9FEB7-FE2D-49B4-848C-6E37EEF01743}.Debug|Any CPU.Build.0 = Debug|Any CPU
		{A2E9FEB7-FE2D-49B4-848C-6E37EEF01743}.Debug|x64.ActiveCfg = Debug|Any CPU
		{A2E9FEB7-FE2D-49B4-848C-6E37EEF01743}.Debug|x64.Build.0 = Debug|Any CPU
		{A2E9FEB7-FE2D-49B4-848C-6E37EEF01743}.Debug|x86.ActiveCfg = Debug|Any CPU
		{A2E9FEB7-FE2D-49B4-848C-6E37EEF01743}.Debug|x86.Build.0 = Debug|Any CPU
		{A2E9FEB7-FE2D-49B4-848C-6E37EEF01743}.Release|Any CPU.ActiveCfg = Release|Any CPU
		{A2E9FEB7-FE2D-49B4-848C-6E37EEF01743}.Release|Any CPU.Build.0 = Release|Any CPU
		{A2E9FEB7-FE2D-49B4-848C-6E37EEF01743}.Release|x64.ActiveCfg = Release|Any CPU
		{A2E9FEB7-FE2D-49B4-848C-6E37EEF01743}.Release|x64.Build.0 = Release|Any CPU
		{A2E9FEB7-FE2D-49B4-848C-6E37EEF01743}.Release|x86.ActiveCfg = Release|Any CPU
		{A2E9FEB7-FE2D-49B4-848C-6E37EEF01743}.Release|x86.Build.0 = Release|Any CPU
		{7C916A9D-4E9D-4582-870E-5A9231DBBD39}.Debug|Any CPU.ActiveCfg = Debug|Any CPU
		{7C916A9D-4E9D-4582-870E-5A9231DBBD39}.Debug|Any CPU.Build.0 = Debug|Any CPU
		{7C916A9D-4E9D-4582-870E-5A9231DBBD39}.Debug|x64.ActiveCfg = Debug|Any CPU
		{7C916A9D-4E9D-4582-870E-5A9231DBBD39}.Debug|x64.Build.0 = Debug|Any CPU
		{7C916A9D-4E9D-4582-870E-5A9231DBBD39}.Debug|x86.ActiveCfg = Debug|Any CPU
		{7C916A9D-4E9D-4582-870E-5A9231DBBD39}.Debug|x86.Build.0 = Debug|Any CPU
		{7C916A9D-4E9D-4582-870E-5A9231DBBD39}.Release|Any CPU.ActiveCfg = Release|Any CPU
		{7C916A9D-4E9D-4582-870E-5A9231DBBD39}.Release|Any CPU.Build.0 = Release|Any CPU
		{7C916A9D-4E9D-4582-870E-5A9231DBBD39}.Release|x64.ActiveCfg = Release|Any CPU
		{7C916A9D-4E9D-4582-870E-5A9231DBBD39}.Release|x64.Build.0 = Release|Any CPU
		{7C916A9D-4E9D-4582-870E-5A9231DBBD39}.Release|x86.ActiveCfg = Release|Any CPU
		{7C916A9D-4E9D-4582-870E-5A9231DBBD39}.Release|x86.Build.0 = Release|Any CPU
		{7C36525B-3CFB-4B0B-B42A-6BC02B48CA1D}.Debug|Any CPU.ActiveCfg = Debug|Any CPU
		{7C36525B-3CFB-4B0B-B42A-6BC02B48CA1D}.Debug|Any CPU.Build.0 = Debug|Any CPU
		{7C36525B-3CFB-4B0B-B42A-6BC02B48CA1D}.Debug|x64.ActiveCfg = Debug|Any CPU
		{7C36525B-3CFB-4B0B-B42A-6BC02B48CA1D}.Debug|x64.Build.0 = Debug|Any CPU
		{7C36525B-3CFB-4B0B-B42A-6BC02B48CA1D}.Debug|x86.ActiveCfg = Debug|Any CPU
		{7C36525B-3CFB-4B0B-B42A-6BC02B48CA1D}.Debug|x86.Build.0 = Debug|Any CPU
		{7C36525B-3CFB-4B0B-B42A-6BC02B48CA1D}.Release|Any CPU.ActiveCfg = Release|Any CPU
		{7C36525B-3CFB-4B0B-B42A-6BC02B48CA1D}.Release|Any CPU.Build.0 = Release|Any CPU
		{7C36525B-3CFB-4B0B-B42A-6BC02B48CA1D}.Release|x64.ActiveCfg = Release|Any CPU
		{7C36525B-3CFB-4B0B-B42A-6BC02B48CA1D}.Release|x64.Build.0 = Release|Any CPU
		{7C36525B-3CFB-4B0B-B42A-6BC02B48CA1D}.Release|x86.ActiveCfg = Release|Any CPU
		{7C36525B-3CFB-4B0B-B42A-6BC02B48CA1D}.Release|x86.Build.0 = Release|Any CPU
		{3D9CE1E4-CF28-448C-89A2-9A927CF977E2}.Debug|Any CPU.ActiveCfg = Debug|Any CPU
		{3D9CE1E4-CF28-448C-89A2-9A927CF977E2}.Debug|Any CPU.Build.0 = Debug|Any CPU
		{3D9CE1E4-CF28-448C-89A2-9A927CF977E2}.Debug|x64.ActiveCfg = Debug|Any CPU
		{3D9CE1E4-CF28-448C-89A2-9A927CF977E2}.Debug|x64.Build.0 = Debug|Any CPU
		{3D9CE1E4-CF28-448C-89A2-9A927CF977E2}.Debug|x86.ActiveCfg = Debug|Any CPU
		{3D9CE1E4-CF28-448C-89A2-9A927CF977E2}.Debug|x86.Build.0 = Debug|Any CPU
		{3D9CE1E4-CF28-448C-89A2-9A927CF977E2}.Release|Any CPU.ActiveCfg = Release|Any CPU
		{3D9CE1E4-CF28-448C-89A2-9A927CF977E2}.Release|Any CPU.Build.0 = Release|Any CPU
		{3D9CE1E4-CF28-448C-89A2-9A927CF977E2}.Release|x64.ActiveCfg = Release|Any CPU
		{3D9CE1E4-CF28-448C-89A2-9A927CF977E2}.Release|x64.Build.0 = Release|Any CPU
		{3D9CE1E4-CF28-448C-89A2-9A927CF977E2}.Release|x86.ActiveCfg = Release|Any CPU
		{3D9CE1E4-CF28-448C-89A2-9A927CF977E2}.Release|x86.Build.0 = Release|Any CPU
		{9800B677-FDBC-40D4-A71E-7F85DB828609}.Debug|Any CPU.ActiveCfg = Debug|Any CPU
		{9800B677-FDBC-40D4-A71E-7F85DB828609}.Debug|Any CPU.Build.0 = Debug|Any CPU
		{9800B677-FDBC-40D4-A71E-7F85DB828609}.Debug|x64.ActiveCfg = Debug|Any CPU
		{9800B677-FDBC-40D4-A71E-7F85DB828609}.Debug|x64.Build.0 = Debug|Any CPU
		{9800B677-FDBC-40D4-A71E-7F85DB828609}.Debug|x86.ActiveCfg = Debug|Any CPU
		{9800B677-FDBC-40D4-A71E-7F85DB828609}.Debug|x86.Build.0 = Debug|Any CPU
		{9800B677-FDBC-40D4-A71E-7F85DB828609}.Release|Any CPU.ActiveCfg = Release|Any CPU
		{9800B677-FDBC-40D4-A71E-7F85DB828609}.Release|Any CPU.Build.0 = Release|Any CPU
		{9800B677-FDBC-40D4-A71E-7F85DB828609}.Release|x64.ActiveCfg = Release|Any CPU
		{9800B677-FDBC-40D4-A71E-7F85DB828609}.Release|x64.Build.0 = Release|Any CPU
		{9800B677-FDBC-40D4-A71E-7F85DB828609}.Release|x86.ActiveCfg = Release|Any CPU
		{9800B677-FDBC-40D4-A71E-7F85DB828609}.Release|x86.Build.0 = Release|Any CPU
		{D86A07BC-D659-46CB-ACC0-797ADA3EDBAE}.Debug|Any CPU.ActiveCfg = Debug|Any CPU
		{D86A07BC-D659-46CB-ACC0-797ADA3EDBAE}.Debug|Any CPU.Build.0 = Debug|Any CPU
		{D86A07BC-D659-46CB-ACC0-797ADA3EDBAE}.Debug|x64.ActiveCfg = Debug|Any CPU
		{D86A07BC-D659-46CB-ACC0-797ADA3EDBAE}.Debug|x64.Build.0 = Debug|Any CPU
		{D86A07BC-D659-46CB-ACC0-797ADA3EDBAE}.Debug|x86.ActiveCfg = Debug|Any CPU
		{D86A07BC-D659-46CB-ACC0-797ADA3EDBAE}.Debug|x86.Build.0 = Debug|Any CPU
		{D86A07BC-D659-46CB-ACC0-797ADA3EDBAE}.Release|Any CPU.ActiveCfg = Release|Any CPU
		{D86A07BC-D659-46CB-ACC0-797ADA3EDBAE}.Release|Any CPU.Build.0 = Release|Any CPU
		{D86A07BC-D659-46CB-ACC0-797ADA3EDBAE}.Release|x64.ActiveCfg = Release|Any CPU
		{D86A07BC-D659-46CB-ACC0-797ADA3EDBAE}.Release|x64.Build.0 = Release|Any CPU
		{D86A07BC-D659-46CB-ACC0-797ADA3EDBAE}.Release|x86.ActiveCfg = Release|Any CPU
		{D86A07BC-D659-46CB-ACC0-797ADA3EDBAE}.Release|x86.Build.0 = Release|Any CPU
		{2A5BA0A1-9B37-41EC-9512-7657226BC176}.Debug|Any CPU.ActiveCfg = Debug|Any CPU
		{2A5BA0A1-9B37-41EC-9512-7657226BC176}.Debug|Any CPU.Build.0 = Debug|Any CPU
		{2A5BA0A1-9B37-41EC-9512-7657226BC176}.Debug|x64.ActiveCfg = Debug|Any CPU
		{2A5BA0A1-9B37-41EC-9512-7657226BC176}.Debug|x64.Build.0 = Debug|Any CPU
		{2A5BA0A1-9B37-41EC-9512-7657226BC176}.Debug|x86.ActiveCfg = Debug|Any CPU
		{2A5BA0A1-9B37-41EC-9512-7657226BC176}.Debug|x86.Build.0 = Debug|Any CPU
		{2A5BA0A1-9B37-41EC-9512-7657226BC176}.Release|Any CPU.ActiveCfg = Release|Any CPU
		{2A5BA0A1-9B37-41EC-9512-7657226BC176}.Release|Any CPU.Build.0 = Release|Any CPU
		{2A5BA0A1-9B37-41EC-9512-7657226BC176}.Release|x64.ActiveCfg = Release|Any CPU
		{2A5BA0A1-9B37-41EC-9512-7657226BC176}.Release|x64.Build.0 = Release|Any CPU
		{2A5BA0A1-9B37-41EC-9512-7657226BC176}.Release|x86.ActiveCfg = Release|Any CPU
		{2A5BA0A1-9B37-41EC-9512-7657226BC176}.Release|x86.Build.0 = Release|Any CPU
		{99F4CD5D-EEBA-4BA0-8A7C-6C2F0D68817F}.Debug|Any CPU.ActiveCfg = Debug|Any CPU
		{99F4CD5D-EEBA-4BA0-8A7C-6C2F0D68817F}.Debug|Any CPU.Build.0 = Debug|Any CPU
		{99F4CD5D-EEBA-4BA0-8A7C-6C2F0D68817F}.Debug|x64.ActiveCfg = Debug|Any CPU
		{99F4CD5D-EEBA-4BA0-8A7C-6C2F0D68817F}.Debug|x64.Build.0 = Debug|Any CPU
		{99F4CD5D-EEBA-4BA0-8A7C-6C2F0D68817F}.Debug|x86.ActiveCfg = Debug|Any CPU
		{99F4CD5D-EEBA-4BA0-8A7C-6C2F0D68817F}.Debug|x86.Build.0 = Debug|Any CPU
		{99F4CD5D-EEBA-4BA0-8A7C-6C2F0D68817F}.Release|Any CPU.ActiveCfg = Release|Any CPU
		{99F4CD5D-EEBA-4BA0-8A7C-6C2F0D68817F}.Release|Any CPU.Build.0 = Release|Any CPU
		{99F4CD5D-EEBA-4BA0-8A7C-6C2F0D68817F}.Release|x64.ActiveCfg = Release|Any CPU
		{99F4CD5D-EEBA-4BA0-8A7C-6C2F0D68817F}.Release|x64.Build.0 = Release|Any CPU
		{99F4CD5D-EEBA-4BA0-8A7C-6C2F0D68817F}.Release|x86.ActiveCfg = Release|Any CPU
		{99F4CD5D-EEBA-4BA0-8A7C-6C2F0D68817F}.Release|x86.Build.0 = Release|Any CPU
		{5717D3DC-3744-4D1C-A288-ACF4C902CA8B}.Debug|Any CPU.ActiveCfg = Debug|Any CPU
		{5717D3DC-3744-4D1C-A288-ACF4C902CA8B}.Debug|Any CPU.Build.0 = Debug|Any CPU
		{5717D3DC-3744-4D1C-A288-ACF4C902CA8B}.Debug|x64.ActiveCfg = Debug|Any CPU
		{5717D3DC-3744-4D1C-A288-ACF4C902CA8B}.Debug|x64.Build.0 = Debug|Any CPU
		{5717D3DC-3744-4D1C-A288-ACF4C902CA8B}.Debug|x86.ActiveCfg = Debug|Any CPU
		{5717D3DC-3744-4D1C-A288-ACF4C902CA8B}.Debug|x86.Build.0 = Debug|Any CPU
		{5717D3DC-3744-4D1C-A288-ACF4C902CA8B}.Release|Any CPU.ActiveCfg = Release|Any CPU
		{5717D3DC-3744-4D1C-A288-ACF4C902CA8B}.Release|Any CPU.Build.0 = Release|Any CPU
		{5717D3DC-3744-4D1C-A288-ACF4C902CA8B}.Release|x64.ActiveCfg = Release|Any CPU
		{5717D3DC-3744-4D1C-A288-ACF4C902CA8B}.Release|x64.Build.0 = Release|Any CPU
		{5717D3DC-3744-4D1C-A288-ACF4C902CA8B}.Release|x86.ActiveCfg = Release|Any CPU
		{5717D3DC-3744-4D1C-A288-ACF4C902CA8B}.Release|x86.Build.0 = Release|Any CPU
		{0657E022-94D9-42F6-B55B-1CF74E16AA4A}.Debug|Any CPU.ActiveCfg = Debug|Any CPU
		{0657E022-94D9-42F6-B55B-1CF74E16AA4A}.Debug|Any CPU.Build.0 = Debug|Any CPU
		{0657E022-94D9-42F6-B55B-1CF74E16AA4A}.Debug|x64.ActiveCfg = Debug|Any CPU
		{0657E022-94D9-42F6-B55B-1CF74E16AA4A}.Debug|x64.Build.0 = Debug|Any CPU
		{0657E022-94D9-42F6-B55B-1CF74E16AA4A}.Debug|x86.ActiveCfg = Debug|Any CPU
		{0657E022-94D9-42F6-B55B-1CF74E16AA4A}.Debug|x86.Build.0 = Debug|Any CPU
		{0657E022-94D9-42F6-B55B-1CF74E16AA4A}.Release|Any CPU.ActiveCfg = Release|Any CPU
		{0657E022-94D9-42F6-B55B-1CF74E16AA4A}.Release|Any CPU.Build.0 = Release|Any CPU
		{0657E022-94D9-42F6-B55B-1CF74E16AA4A}.Release|x64.ActiveCfg = Release|Any CPU
		{0657E022-94D9-42F6-B55B-1CF74E16AA4A}.Release|x64.Build.0 = Release|Any CPU
		{0657E022-94D9-42F6-B55B-1CF74E16AA4A}.Release|x86.ActiveCfg = Release|Any CPU
		{0657E022-94D9-42F6-B55B-1CF74E16AA4A}.Release|x86.Build.0 = Release|Any CPU
	EndGlobalSection
	GlobalSection(SolutionProperties) = preSolution
		HideSolutionNode = FALSE
	EndGlobalSection
	GlobalSection(NestedProjects) = preSolution
		{006F1A79-ACBD-4BC9-9EFC-451B96E73FB4} = {A5E3BC48-B5E1-464A-A93D-9ADF3C61A3AF}
		{BDD07815-3C15-4DBB-8ACA-063E2F9A5B00} = {A5E3BC48-B5E1-464A-A93D-9ADF3C61A3AF}
		{7FD97A5E-E8B9-4C8E-B3A6-346650D9A02E} = {A5E3BC48-B5E1-464A-A93D-9ADF3C61A3AF}
		{E3BDB14E-4F27-4D82-978A-BEEF4F5B9DF7} = {A5E3BC48-B5E1-464A-A93D-9ADF3C61A3AF}
		{A2E9FEB7-FE2D-49B4-848C-6E37EEF01743} = {6B055F2E-2D74-481E-9DEE-6AE16DF3F67F}
		{7C916A9D-4E9D-4582-870E-5A9231DBBD39} = {6B055F2E-2D74-481E-9DEE-6AE16DF3F67F}
		{7C36525B-3CFB-4B0B-B42A-6BC02B48CA1D} = {6B055F2E-2D74-481E-9DEE-6AE16DF3F67F}
		{3D9CE1E4-CF28-448C-89A2-9A927CF977E2} = {6B055F2E-2D74-481E-9DEE-6AE16DF3F67F}
		{9800B677-FDBC-40D4-A71E-7F85DB828609} = {4B3EF644-D71C-4B57-AA2D-6EC4B9FDD3F0}
		{D86A07BC-D659-46CB-ACC0-797ADA3EDBAE} = {4B3EF644-D71C-4B57-AA2D-6EC4B9FDD3F0}
		{2A5BA0A1-9B37-41EC-9512-7657226BC176} = {4B3EF644-D71C-4B57-AA2D-6EC4B9FDD3F0}
		{99F4CD5D-EEBA-4BA0-8A7C-6C2F0D68817F} = {0AB3BF05-4346-4AA6-1389-037BE0695223}
		{5717D3DC-3744-4D1C-A288-ACF4C902CA8B} = {4B3EF644-D71C-4B57-AA2D-6EC4B9FDD3F0}
		{0657E022-94D9-42F6-B55B-1CF74E16AA4A} = {0AB3BF05-4346-4AA6-1389-037BE0695223}
	EndGlobalSection
EndGlobal
